
Microsoft Visual Studio Solution File, Format Version 12.00
# Visual Studio 15
VisualStudioVersion = 15.0.26730.3
MinimumVisualStudioVersion = 10.0.40219.1
Project("{FAE04EC0-301F-11D3-BF4B-00C04F79EFBC}") = "YoutubeTask", "YoutubeTask.csproj", "{F1B793A5-E4DE-4DF6-9C2E-A9B52B1EE10E}"
EndProject
Global
	GlobalSection(SolutionConfigurationPlatforms) = preSolution
		Debug|x86 = Debug|x86
		Release|x86 = Release|x86
	EndGlobalSection
	GlobalSection(ProjectConfigurationPlatforms) = postSolution
		{F1B793A5-E4DE-4DF6-9C2E-A9B52B1EE10E}.Debug|x86.ActiveCfg = Debug|x86
		{F1B793A5-E4DE-4DF6-9C2E-A9B52B1EE10E}.Debug|x86.Build.0 = Debug|x86
		{F1B793A5-E4DE-4DF6-9C2E-A9B52B1EE10E}.Release|x86.ActiveCfg = Release|x86
		{F1B793A5-E4DE-4DF6-9C2E-A9B52B1EE10E}.Release|x86.Build.0 = Release|x86
	EndGlobalSection
	GlobalSection(SolutionProperties) = preSolution
		HideSolutionNode = FALSE
	EndGlobalSection
	GlobalSection(ExtensibilityGlobals) = postSolution
		SolutionGuid = {03FF14C5-775E-465F-B0F6-B4C2655498BA}
	EndGlobalSection
EndGlobal
